Microsoft Visual Studio Solution File, Format Version 12.00
# Visual Studio Version 16
VisualStudioVersion = 16.0.30011.22
MinimumVisualStudioVersion = 10.0.40219.1
Project("{FAE04EC0-301F-11D3-BF4B-00C04F79EFBC}") = "WinExample", "WinExample\WinExample.csproj", "{DF71C0C5-B88C-437C-B5F9-313ECBC24A05}"
EndProject
Project("{9A19103F-16F7-4668-BE54-9A1E7A4F7556}") = "WinExample_NetCore", "WinExample_NetCore\WinExample_NetCore.csproj", "{6A9A5618-537F-4452-A9DC-DFE78626D209}"
EndProject
Global
	GlobalSection(SolutionConfigurationPlatforms) = preSolution
		Debug|Any CPU = Debug|Any CPU
		Release|Any CPU = Release|Any CPU
	EndGlobalSection
	GlobalSection(ProjectConfigurationPlatforms) = postSolution
		{DF71C0C5-B88C-437C-B5F9-313ECBC24A05}.Debug|Any CPU.ActiveCfg = Debug|Any CPU
		{DF71C0C5-B88C-437C-B5F9-313ECBC24A05}.Debug|Any CPU.Build.0 = Debug|Any CPU
		{DF71C0C5-B88C-437C-B5F9-313ECBC24A05}.Release|Any CPU.ActiveCfg = Release|Any CPU
		{DF71C0C5-B88C-437C-B5F9-313ECBC24A05}.Release|Any CPU.Build.0 = Release|Any CPU
		{6A9A5618-537F-4452-A9DC-DFE78626D209}.Debug|Any CPU.ActiveCfg = Debug|Any CPU
		{6A9A5618-537F-4452-A9DC-DFE78626D209}.Debug|Any CPU.Build.0 = Debug|Any CPU
		{6A9A5618-537F-4452-A9DC-DFE78626D209}.Release|Any CPU.ActiveCfg = Release|Any CPU
		{6A9A5618-537F-4452-A9DC-DFE78626D209}.Release|Any CPU.Build.0 = Release|Any CPU
	EndGlobalSection
	GlobalSection(SolutionProperties) = preSolution
		HideSolutionNode = FALSE
	EndGlobalSection
	GlobalSection(ExtensibilityGlobals) = postSolution
		SolutionGuid = {E159F9D9-6FC5-4E00-95D6-96F67473AF7A}
	EndGlobalSection
EndGlobal
